
Microsoft Visual Studio Solution File, Format Version 12.00
# Visual Studio 2012
Project("{FAE04EC0-301F-11D3-BF4B-00C04F79EFBC}") = "TechizzaaXamarin3.First", "TechizzaaXamarin3.First\TechizzaaXamarin3.First\TechizzaaXamarin3.First.csproj", "{5EF21572-4CF3-4013-918E-E33538A5D064}"
EndProject
Project("{FAE04EC0-301F-11D3-BF4B-00C04F79EFBC}") = "TechizzaaXamarin3.First.iOS", "TechizzaaXamarin3.First\TechizzaaXamarin3.First.iOS\TechizzaaXamarin3.First.iOS.csproj", "{657BB7DA-A5C6-4BD9-A3E3-8F8C84576BB3}"
EndProject
Project("{FAE04EC0-301F-11D3-BF4B-00C04F79EFBC}") = "TechizzaaXamarin3.First.Android", "TechizzaaXamarin3.First\TechizzaaXamarin3.First.Android\TechizzaaXamarin3.First.Android.csproj", "{C31975E5-2B05-436D-99D6-7463337B2AAB}"
EndProject
Project("{FAE04EC0-301F-11D3-BF4B-00C04F79EFBC}") = "TechizzaaXamarin3.Second", "TechizzaaXamarin3.Second\TechizzaaXamarin3.Second\TechizzaaXamarin3.Second.csproj", "{5C22B7AE-9FAD-40CD-8D59-56FC6094C19D}"
EndProject
Project("{FAE04EC0-301F-11D3-BF4B-00C04F79EFBC}") = "TechizzaaXamarin3.Second.iOS", "TechizzaaXamarin3.Second\TechizzaaXamarin3.Second.iOS\TechizzaaXamarin3.Second.iOS.csproj", "{A400BE6E-BA01-4417-938B-D364C9B51CC7}"
EndProject
Project("{FAE04EC0-301F-11D3-BF4B-00C04F79EFBC}") = "TechizzaaXamarin3.Second.Android", "TechizzaaXamarin3.Second\TechizzaaXamarin3.Second.Android\TechizzaaXamarin3.Second.Android.csproj", "{183A3ACE-1992-4AA9-8E38-5AEFB90F6FD5}"
EndProject
Project("{FAE04EC0-301F-11D3-BF4B-00C04F79EFBC}") = "TechizzaaXamarin3.Teen", "TechizzaaXamarin3.Teen\TechizzaaXamarin3.Teen\TechizzaaXamarin3.Teen.csproj", "{A528EAA7-8A60-4CE8-8C28-45AE6494435C}"
EndProject
Project("{FAE04EC0-301F-11D3-BF4B-00C04F79EFBC}") = "TechizzaaXamarin3.Teen.iOS", "TechizzaaXamarin3.Teen\TechizzaaXamarin3.Teen.iOS\TechizzaaXamarin3.Teen.iOS.csproj", "{D649C158-98F7-4C36-BBCF-A31B28825E8D}"
EndProject
Project("{FAE04EC0-301F-11D3-BF4B-00C04F79EFBC}") = "TechizzaaXamarin3.Teen.Android", "TechizzaaXamarin3.Teen\TechizzaaXamarin3.Teen.Android\TechizzaaXamarin3.Teen.Android.csproj", "{22442B97-E2AB-48AD-A2B5-965B4737A3D4}"
EndProject
Project("{2150E333-8FDC-42A3-9474-1A3956D46DE8}") = "Xamarin3", "Xamarin3", "{0723F413-24D7-4238-A6FA-FE03DFE5045E}"
EndProject
Project("{2150E333-8FDC-42A3-9474-1A3956D46DE8}") = "Xamarin2", "Xamarin2", "{9602C09E-7A1B-4079-92B6-070419A1FD10}"
EndProject
Project("{FAE04EC0-301F-11D3-BF4B-00C04F79EFBC}") = "Xamarin2.Android", "Xamarin2.Android\Xamarin2.Android.csproj", "{27FB8403-FCE5-49DE-B25A-5E0EAF2D5772}"
EndProject
Project("{FAE04EC0-301F-11D3-BF4B-00C04F79EFBC}") = "Xamarin2.Core", "Xamarin2.Core\Xamarin2.Core.csproj", "{45C940BB-261A-4C8D-A713-E46B669893CA}"
EndProject
Project("{2150E333-8FDC-42A3-9474-1A3956D46DE8}") = "DemoFirst", "DemoFirst", "{47F98212-60E9-47FB-BF2F-9ED290CC5B74}"
EndProject
Project("{2150E333-8FDC-42A3-9474-1A3956D46DE8}") = "DemoSecond", "DemoSecond", "{142E1421-2558-44B5-8436-1E8C8C83FDF8}"
EndProject
Project("{2150E333-8FDC-42A3-9474-1A3956D46DE8}") = "DemoTeen", "DemoTeen", "{E80B1DA8-45CB-4725-867E-F5371BFCB63E}"
EndProject
Global
	GlobalSection(SolutionConfigurationPlatforms) = preSolution
		Ad-Hoc|Any CPU = Ad-Hoc|Any CPU
		Ad-Hoc|iPhone = Ad-Hoc|iPhone
		Ad-Hoc|iPhoneSimulator = Ad-Hoc|iPhoneSimulator
		Ad-Hoc|Mixed Platforms = Ad-Hoc|Mixed Platforms
		AppStore|Any CPU = AppStore|Any CPU
		AppStore|iPhone = AppStore|iPhone
		AppStore|iPhoneSimulator = AppStore|iPhoneSimulator
		AppStore|Mixed Platforms = AppStore|Mixed Platforms
		Debug|Any CPU = Debug|Any CPU
		Debug|iPhone = Debug|iPhone
		Debug|iPhoneSimulator = Debug|iPhoneSimulator
		Debug|Mixed Platforms = Debug|Mixed Platforms
		Release|Any CPU = Release|Any CPU
		Release|iPhone = Release|iPhone
		Release|iPhoneSimulator = Release|iPhoneSimulator
		Release|Mixed Platforms = Release|Mixed Platforms
	EndGlobalSection
	GlobalSection(ProjectConfigurationPlatforms) = postSolution
		{5EF21572-4CF3-4013-918E-E33538A5D064}.Ad-Hoc|Any CPU.ActiveCfg = Release|Any CPU
		{5EF21572-4CF3-4013-918E-E33538A5D064}.Ad-Hoc|Any CPU.Build.0 = Release|Any CPU
		{5EF21572-4CF3-4013-918E-E33538A5D064}.Ad-Hoc|iPhone.ActiveCfg = Release|Any CPU
		{5EF21572-4CF3-4013-918E-E33538A5D064}.Ad-Hoc|iPhoneSimulator.ActiveCfg = Release|Any CPU
		{5EF21572-4CF3-4013-918E-E33538A5D064}.Ad-Hoc|Mixed Platforms.ActiveCfg = Release|Any CPU
		{5EF21572-4CF3-4013-918E-E33538A5D064}.Ad-Hoc|Mixed Platforms.Build.0 = Release|Any CPU
		{5EF21572-4CF3-4013-918E-E33538A5D064}.AppStore|Any CPU.ActiveCfg = Release|Any CPU
		{5EF21572-4CF3-4013-918E-E33538A5D064}.AppStore|Any CPU.Build.0 = Release|Any CPU
		{5EF21572-4CF3-4013-918E-E33538A5D064}.AppStore|iPhone.ActiveCfg = Release|Any CPU
		{5EF21572-4CF3-4013-918E-E33538A5D064}.AppStore|iPhoneSimulator.ActiveCfg = Release|Any CPU
		{5EF21572-4CF3-4013-918E-E33538A5D064}.AppStore|Mixed Platforms.ActiveCfg = Release|Any CPU
		{5EF21572-4CF3-4013-918E-E33538A5D064}.AppStore|Mixed Platforms.Build.0 = Release|Any CPU
		{5EF21572-4CF3-4013-918E-E33538A5D064}.Debug|Any CPU.ActiveCfg = Debug|Any CPU
		{5EF21572-4CF3-4013-918E-E33538A5D064}.Debug|Any CPU.Build.0 = Debug|Any CPU
		{5EF21572-4CF3-4013-918E-E33538A5D064}.Debug|iPhone.ActiveCfg = Debug|Any CPU
		{5EF21572-4CF3-4013-918E-E33538A5D064}.Debug|iPhoneSimulator.ActiveCfg = Debug|Any CPU
		{5EF21572-4CF3-4013-918E-E33538A5D064}.Debug|Mixed Platforms.ActiveCfg = Debug|Any CPU
		{5EF21572-4CF3-4013-918E-E33538A5D064}.Debug|Mixed Platforms.Build.0 = Debug|Any CPU
		{5EF21572-4CF3-4013-918E-E33538A5D064}.Release|Any CPU.ActiveCfg = Release|Any CPU
		{5EF21572-4CF3-4013-918E-E33538A5D064}.Release|Any CPU.Build.0 = Release|Any CPU
		{5EF21572-4CF3-4013-918E-E33538A5D064}.Release|iPhone.ActiveCfg = Release|Any CPU
		{5EF21572-4CF3-4013-918E-E33538A5D064}.Release|iPhoneSimulator.ActiveCfg = Release|Any CPU
		{5EF21572-4CF3-4013-918E-E33538A5D064}.Release|Mixed Platforms.ActiveCfg = Release|Any CPU
		{5EF21572-4CF3-4013-918E-E33538A5D064}.Release|Mixed Platforms.Build.0 = Release|Any CPU
		{657BB7DA-A5C6-4BD9-A3E3-8F8C84576BB3}.Ad-Hoc|Any CPU.ActiveCfg = Ad-Hoc|iPhone
		{657BB7DA-A5C6-4BD9-A3E3-8F8C84576BB3}.Ad-Hoc|iPhone.ActiveCfg = Ad-Hoc|iPhone
		{657BB7DA-A5C6-4BD9-A3E3-8F8C84576BB3}.Ad-Hoc|iPhone.Build.0 = Ad-Hoc|iPhone
		{657BB7DA-A5C6-4BD9-A3E3-8F8C84576BB3}.Ad-Hoc|iPhone.Deploy.0 = Ad-Hoc|iPhone
		{657BB7DA-A5C6-4BD9-A3E3-8F8C84576BB3}.Ad-Hoc|iPhoneSimulator.ActiveCfg = Ad-Hoc|iPhoneSimulator
		{657BB7DA-A5C6-4BD9-A3E3-8F8C84576BB3}.Ad-Hoc|iPhoneSimulator.Build.0 = Ad-Hoc|iPhoneSimulator
		{657BB7DA-A5C6-4BD9-A3E3-8F8C84576BB3}.Ad-Hoc|iPhoneSimulator.Deploy.0 = Ad-Hoc|iPhoneSimulator
		{657BB7DA-A5C6-4BD9-A3E3-8F8C84576BB3}.Ad-Hoc|Mixed Platforms.ActiveCfg = Ad-Hoc|iPhone
		{657BB7DA-A5C6-4BD9-A3E3-8F8C84576BB3}.Ad-Hoc|Mixed Platforms.Build.0 = Ad-Hoc|iPhone
		{657BB7DA-A5C6-4BD9-A3E3-8F8C84576BB3}.Ad-Hoc|Mixed Platforms.Deploy.0 = Ad-Hoc|iPhone
		{657BB7DA-A5C6-4BD9-A3E3-8F8C84576BB3}.AppStore|Any CPU.ActiveCfg = AppStore|iPhone
		{657BB7DA-A5C6-4BD9-A3E3-8F8C84576BB3}.AppStore|iPhone.ActiveCfg = AppStore|iPhone
		{657BB7DA-A5C6-4BD9-A3E3-8F8C84576BB3}.AppStore|iPhone.Build.0 = AppStore|iPhone
		{657BB7DA-A5C6-4BD9-A3E3-8F8C84576BB3}.AppStore|iPhone.Deploy.0 = AppStore|iPhone
		{657BB7DA-A5C6-4BD9-A3E3-8F8C84576BB3}.AppStore|iPhoneSimulator.ActiveCfg = AppStore|iPhoneSimulator
		{657BB7DA-A5C6-4BD9-A3E3-8F8C84576BB3}.AppStore|iPhoneSimulator.Build.0 = AppStore|iPhoneSimulator
		{657BB7DA-A5C6-4BD9-A3E3-8F8C84576BB3}.AppStore|iPhoneSimulator.Deploy.0 = AppStore|iPhoneSimulator
		{657BB7DA-A5C6-4BD9-A3E3-8F8C84576BB3}.AppStore|Mixed Platforms.ActiveCfg = AppStore|iPhone
		{657BB7DA-A5C6-4BD9-A3E3-8F8C84576BB3}.AppStore|Mixed Platforms.Build.0 = AppStore|iPhone
		{657BB7DA-A5C6-4BD9-A3E3-8F8C84576BB3}.AppStore|Mixed Platforms.Deploy.0 = AppStore|iPhone
		{657BB7DA-A5C6-4BD9-A3E3-8F8C84576BB3}.Debug|Any CPU.ActiveCfg = Debug|iPhone
		{657BB7DA-A5C6-4BD9-A3E3-8F8C84576BB3}.Debug|iPhone.ActiveCfg = Debug|iPhone
		{657BB7DA-A5C6-4BD9-A3E3-8F8C84576BB3}.Debug|iPhone.Build.0 = Debug|iPhone
		{657BB7DA-A5C6-4BD9-A3E3-8F8C84576BB3}.Debug|iPhone.Deploy.0 = Debug|iPhone
		{657BB7DA-A5C6-4BD9-A3E3-8F8C84576BB3}.Debug|iPhoneSimulator.ActiveCfg = Debug|iPhoneSimulator
		{657BB7DA-A5C6-4BD9-A3E3-8F8C84576BB3}.Debug|iPhoneSimulator.Build.0 = Debug|iPhoneSimulator
		{657BB7DA-A5C6-4BD9-A3E3-8F8C84576BB3}.Debug|iPhoneSimulator.Deploy.0 = Debug|iPhoneSimulator
		{657BB7DA-A5C6-4BD9-A3E3-8F8C84576BB3}.Debug|Mixed Platforms.ActiveCfg = Debug|iPhone
		{657BB7DA-A5C6-4BD9-A3E3-8F8C84576BB3}.Debug|Mixed Platforms.Build.0 = Debug|iPhone
		{657BB7DA-A5C6-4BD9-A3E3-8F8C84576BB3}.Debug|Mixed Platforms.Deploy.0 = Debug|iPhone
		{657BB7DA-A5C6-4BD9-A3E3-8F8C84576BB3}.Release|Any CPU.ActiveCfg = Release|iPhone
		{657BB7DA-A5C6-4BD9-A3E3-8F8C84576BB3}.Release|iPhone.ActiveCfg = Release|iPhone
		{657BB7DA-A5C6-4BD9-A3E3-8F8C84576BB3}.Release|iPhone.Build.0 = Release|iPhone
		{657BB7DA-A5C6-4BD9-A3E3-8F8C84576BB3}.Release|iPhone.Deploy.0 = Release|iPhone
		{657BB7DA-A5C6-4BD9-A3E3-8F8C84576BB3}.Release|iPhoneSimulator.ActiveCfg = Release|iPhoneSimulator
		{657BB7DA-A5C6-4BD9-A3E3-8F8C84576BB3}.Release|iPhoneSimulator.Build.0 = Release|iPhoneSimulator
		{657BB7DA-A5C6-4BD9-A3E3-8F8C84576BB3}.Release|iPhoneSimulator.Deploy.0 = Release|iPhoneSimulator
		{657BB7DA-A5C6-4BD9-A3E3-8F8C84576BB3}.Release|Mixed Platforms.ActiveCfg = Release|iPhone
		{657BB7DA-A5C6-4BD9-A3E3-8F8C84576BB3}.Release|Mixed Platforms.Build.0 = Release|iPhone
		{657BB7DA-A5C6-4BD9-A3E3-8F8C84576BB3}.Release|Mixed Platforms.Deploy.0 = Release|iPhone
		{C31975E5-2B05-436D-99D6-7463337B2AAB}.Ad-Hoc|Any CPU.ActiveCfg = Release|Any CPU
		{C31975E5-2B05-436D-99D6-7463337B2AAB}.Ad-Hoc|Any CPU.Build.0 = Release|Any CPU
		{C31975E5-2B05-436D-99D6-7463337B2AAB}.Ad-Hoc|Any CPU.Deploy.0 = Release|Any CPU
		{C31975E5-2B05-436D-99D6-7463337B2AAB}.Ad-Hoc|iPhone.ActiveCfg = Release|Any CPU
		{C31975E5-2B05-436D-99D6-7463337B2AAB}.Ad-Hoc|iPhoneSimulator.ActiveCfg = Release|Any CPU
		{C31975E5-2B05-436D-99D6-7463337B2AAB}.Ad-Hoc|Mixed Platforms.ActiveCfg = Release|Any CPU
		{C31975E5-2B05-436D-99D6-7463337B2AAB}.Ad-Hoc|Mixed Platforms.Build.0 = Release|Any CPU
		{C31975E5-2B05-436D-99D6-7463337B2AAB}.Ad-Hoc|Mixed Platforms.Deploy.0 = Release|Any CPU
		{C31975E5-2B05-436D-99D6-7463337B2AAB}.AppStore|Any CPU.ActiveCfg = Release|Any CPU
		{C31975E5-2B05-436D-99D6-7463337B2AAB}.AppStore|Any CPU.Build.0 = Release|Any CPU
		{C31975E5-2B05-436D-99D6-7463337B2AAB}.AppStore|Any CPU.Deploy.0 = Release|Any CPU
		{C31975E5-2B05-436D-99D6-7463337B2AAB}.AppStore|iPhone.ActiveCfg = Release|Any CPU
		{C31975E5-2B05-436D-99D6-7463337B2AAB}.AppStore|iPhoneSimulator.ActiveCfg = Release|Any CPU
		{C31975E5-2B05-436D-99D6-7463337B2AAB}.AppStore|Mixed Platforms.ActiveCfg = Release|Any CPU
		{C31975E5-2B05-436D-99D6-7463337B2AAB}.AppStore|Mixed Platforms.Build.0 = Release|Any CPU
		{C31975E5-2B05-436D-99D6-7463337B2AAB}.AppStore|Mixed Platforms.Deploy.0 = Release|Any CPU
		{C31975E5-2B05-436D-99D6-7463337B2AAB}.Debug|Any CPU.ActiveCfg = Debug|Any CPU
		{C31975E5-2B05-436D-99D6-7463337B2AAB}.Debug|Any CPU.Build.0 = Debug|Any CPU
		{C31975E5-2B05-436D-99D6-7463337B2AAB}.Debug|Any CPU.Deploy.0 = Debug|Any CPU
		{C31975E5-2B05-436D-99D6-7463337B2AAB}.Debug|iPhone.ActiveCfg = Debug|Any CPU
		{C31975E5-2B05-436D-99D6-7463337B2AAB}.Debug|iPhoneSimulator.ActiveCfg = Debug|Any CPU
		{C31975E5-2B05-436D-99D6-7463337B2AAB}.Debug|Mixed Platforms.ActiveCfg = Debug|Any CPU
		{C31975E5-2B05-436D-99D6-7463337B2AAB}.Debug|Mixed Platforms.Build.0 = Debug|Any CPU
		{C31975E5-2B05-436D-99D6-7463337B2AAB}.Debug|Mixed Platforms.Deploy.0 = Debug|Any CPU
		{C31975E5-2B05-436D-99D6-7463337B2AAB}.Release|Any CPU.ActiveCfg = Release|Any CPU
		{C31975E5-2B05-436D-99D6-7463337B2AAB}.Release|Any CPU.Build.0 = Release|Any CPU
		{C31975E5-2B05-436D-99D6-7463337B2AAB}.Release|Any CPU.Deploy.0 = Release|Any CPU
		{C31975E5-2B05-436D-99D6-7463337B2AAB}.Release|iPhone.ActiveCfg = Release|Any CPU
		{C31975E5-2B05-436D-99D6-7463337B2AAB}.Release|iPhoneSimulator.ActiveCfg = Release|Any CPU
		{C31975E5-2B05-436D-99D6-7463337B2AAB}.Release|Mixed Platforms.ActiveCfg = Release|Any CPU
		{C31975E5-2B05-436D-99D6-7463337B2AAB}.Release|Mixed Platforms.Build.0 = Release|Any CPU
		{C31975E5-2B05-436D-99D6-7463337B2AAB}.Release|Mixed Platforms.Deploy.0 = Release|Any CPU
		{5C22B7AE-9FAD-40CD-8D59-56FC6094C19D}.Ad-Hoc|Any CPU.ActiveCfg = Release|Any CPU
		{5C22B7AE-9FAD-40CD-8D59-56FC6094C19D}.Ad-Hoc|Any CPU.Build.0 = Release|Any CPU
		{5C22B7AE-9FAD-40CD-8D59-56FC6094C19D}.Ad-Hoc|iPhone.ActiveCfg = Release|Any CPU
		{5C22B7AE-9FAD-40CD-8D59-56FC6094C19D}.Ad-Hoc|iPhoneSimulator.ActiveCfg = Release|Any CPU
		{5C22B7AE-9FAD-40CD-8D59-56FC6094C19D}.Ad-Hoc|Mixed Platforms.ActiveCfg = Release|Any CPU
		{5C22B7AE-9FAD-40CD-8D59-56FC6094C19D}.Ad-Hoc|Mixed Platforms.Build.0 = Release|Any CPU
		{5C22B7AE-9FAD-40CD-8D59-56FC6094C19D}.AppStore|Any CPU.ActiveCfg = Release|Any CPU
		{5C22B7AE-9FAD-40CD-8D59-56FC6094C19D}.AppStore|Any CPU.Build.0 = Release|Any CPU
		{5C22B7AE-9FAD-40CD-8D59-56FC6094C19D}.AppStore|iPhone.ActiveCfg = Release|Any CPU
		{5C22B7AE-9FAD-40CD-8D59-56FC6094C19D}.AppStore|iPhoneSimulator.ActiveCfg = Release|Any CPU
		{5C22B7AE-9FAD-40CD-8D59-56FC6094C19D}.AppStore|Mixed Platforms.ActiveCfg = Release|Any CPU
		{5C22B7AE-9FAD-40CD-8D59-56FC6094C19D}.AppStore|Mixed Platforms.Build.0 = Release|Any CPU
		{5C22B7AE-9FAD-40CD-8D59-56FC6094C19D}.Debug|Any CPU.ActiveCfg = Debug|Any CPU
		{5C22B7AE-9FAD-40CD-8D59-56FC6094C19D}.Debug|Any CPU.Build.0 = Debug|Any CPU
		{5C22B7AE-9FAD-40CD-8D59-56FC6094C19D}.Debug|iPhone.ActiveCfg = Debug|Any CPU
		{5C22B7AE-9FAD-40CD-8D59-56FC6094C19D}.Debug|iPhoneSimulator.ActiveCfg = Debug|Any CPU
		{5C22B7AE-9FAD-40CD-8D59-56FC6094C19D}.Debug|Mixed Platforms.ActiveCfg = Debug|Any CPU
		{5C22B7AE-9FAD-40CD-8D59-56FC6094C19D}.Debug|Mixed Platforms.Build.0 = Debug|Any CPU
		{5C22B7AE-9FAD-40CD-8D59-56FC6094C19D}.Release|Any CPU.ActiveCfg = Release|Any CPU
		{5C22B7AE-9FAD-40CD-8D59-56FC6094C19D}.Release|Any CPU.Build.0 = Release|Any CPU
		{5C22B7AE-9FAD-40CD-8D59-56FC6094C19D}.Release|iPhone.ActiveCfg = Release|Any CPU
		{5C22B7AE-9FAD-40CD-8D59-56FC6094C19D}.Release|iPhoneSimulator.ActiveCfg = Release|Any CPU
		{5C22B7AE-9FAD-40CD-8D59-56FC6094C19D}.Release|Mixed Platforms.ActiveCfg = Release|Any CPU
		{5C22B7AE-9FAD-40CD-8D59-56FC6094C19D}.Release|Mixed Platforms.Build.0 = Release|Any CPU
		{A400BE6E-BA01-4417-938B-D364C9B51CC7}.Ad-Hoc|Any CPU.ActiveCfg = Ad-Hoc|iPhone
		{A400BE6E-BA01-4417-938B-D364C9B51CC7}.Ad-Hoc|iPhone.ActiveCfg = Ad-Hoc|iPhone
		{A400BE6E-BA01-4417-938B-D364C9B51CC7}.Ad-Hoc|iPhone.Build.0 = Ad-Hoc|iPhone
		{A400BE6E-BA01-4417-938B-D364C9B51CC7}.Ad-Hoc|iPhone.Deploy.0 = Ad-Hoc|iPhone
		{A400BE6E-BA01-4417-938B-D364C9B51CC7}.Ad-Hoc|iPhoneSimulator.ActiveCfg = Ad-Hoc|iPhoneSimulator
		{A400BE6E-BA01-4417-938B-D364C9B51CC7}.Ad-Hoc|iPhoneSimulator.Build.0 = Ad-Hoc|iPhoneSimulator
		{A400BE6E-BA01-4417-938B-D364C9B51CC7}.Ad-Hoc|iPhoneSimulator.Deploy.0 = Ad-Hoc|iPhoneSimulator
		{A400BE6E-BA01-4417-938B-D364C9B51CC7}.Ad-Hoc|Mixed Platforms.ActiveCfg = Ad-Hoc|iPhone
		{A400BE6E-BA01-4417-938B-D364C9B51CC7}.Ad-Hoc|Mixed Platforms.Build.0 = Ad-Hoc|iPhone
		{A400BE6E-BA01-4417-938B-D364C9B51CC7}.Ad-Hoc|Mixed Platforms.Deploy.0 = Ad-Hoc|iPhone
		{A400BE6E-BA01-4417-938B-D364C9B51CC7}.AppStore|Any CPU.ActiveCfg = AppStore|iPhone
		{A400BE6E-BA01-4417-938B-D364C9B51CC7}.AppStore|iPhone.ActiveCfg = AppStore|iPhone
		{A400BE6E-BA01-4417-938B-D364C9B51CC7}.AppStore|iPhone.Build.0 = AppStore|iPhone
		{A400BE6E-BA01-4417-938B-D364C9B51CC7}.AppStore|iPhone.Deploy.0 = AppStore|iPhone
		{A400BE6E-BA01-4417-938B-D364C9B51CC7}.AppStore|iPhoneSimulator.ActiveCfg = AppStore|iPhoneSimulator
		{A400BE6E-BA01-4417-938B-D364C9B51CC7}.AppStore|iPhoneSimulator.Build.0 = AppStore|iPhoneSimulator
		{A400BE6E-BA01-4417-938B-D364C9B51CC7}.AppStore|iPhoneSimulator.Deploy.0 = AppStore|iPhoneSimulator
		{A400BE6E-BA01-4417-938B-D364C9B51CC7}.AppStore|Mixed Platforms.ActiveCfg = AppStore|iPhone
		{A400BE6E-BA01-4417-938B-D364C9B51CC7}.AppStore|Mixed Platforms.Build.0 = AppStore|iPhone
		{A400BE6E-BA01-4417-938B-D364C9B51CC7}.AppStore|Mixed Platforms.Deploy.0 = AppStore|iPhone
		{A400BE6E-BA01-4417-938B-D364C9B51CC7}.Debug|Any CPU.ActiveCfg = Debug|iPhone
		{A400BE6E-BA01-4417-938B-D364C9B51CC7}.Debug|iPhone.ActiveCfg = Debug|iPhone
		{A400BE6E-BA01-4417-938B-D364C9B51CC7}.Debug|iPhone.Build.0 = Debug|iPhone
		{A400BE6E-BA01-4417-938B-D364C9B51CC7}.Debug|iPhone.Deploy.0 = Debug|iPhone
		{A400BE6E-BA01-4417-938B-D364C9B51CC7}.Debug|iPhoneSimulator.ActiveCfg = Debug|iPhoneSimulator
		{A400BE6E-BA01-4417-938B-D364C9B51CC7}.Debug|iPhoneSimulator.Build.0 = Debug|iPhoneSimulator
		{A400BE6E-BA01-4417-938B-D364C9B51CC7}.Debug|iPhoneSimulator.Deploy.0 = Debug|iPhoneSimulator
		{A400BE6E-BA01-4417-938B-D364C9B51CC7}.Debug|Mixed Platforms.ActiveCfg = Debug|iPhone
		{A400BE6E-BA01-4417-938B-D364C9B51CC7}.Debug|Mixed Platforms.Build.0 = Debug|iPhone
		{A400BE6E-BA01-4417-938B-D364C9B51CC7}.Debug|Mixed Platforms.Deploy.0 = Debug|iPhone
		{A400BE6E-BA01-4417-938B-D364C9B51CC7}.Release|Any CPU.ActiveCfg = Release|iPhone
		{A400BE6E-BA01-4417-938B-D364C9B51CC7}.Release|iPhone.ActiveCfg = Release|iPhone
		{A400BE6E-BA01-4417-938B-D364C9B51CC7}.Release|iPhone.Build.0 = Release|iPhone
		{A400BE6E-BA01-4417-938B-D364C9B51CC7}.Release|iPhone.Deploy.0 = Release|iPhone
		{A400BE6E-BA01-4417-938B-D364C9B51CC7}.Release|iPhoneSimulator.ActiveCfg = Release|iPhoneSimulator
		{A400BE6E-BA01-4417-938B-D364C9B51CC7}.Release|iPhoneSimulator.Build.0 = Release|iPhoneSimulator
		{A400BE6E-BA01-4417-938B-D364C9B51CC7}.Release|iPhoneSimulator.Deploy.0 = Release|iPhoneSimulator
		{A400BE6E-BA01-4417-938B-D364C9B51CC7}.Release|Mixed Platforms.ActiveCfg = Release|iPhone
		{A400BE6E-BA01-4417-938B-D364C9B51CC7}.Release|Mixed Platforms.Build.0 = Release|iPhone
		{A400BE6E-BA01-4417-938B-D364C9B51CC7}.Release|Mixed Platforms.Deploy.0 = Release|iPhone
		{183A3ACE-1992-4AA9-8E38-5AEFB90F6FD5}.Ad-Hoc|Any CPU.ActiveCfg = Release|Any CPU
		{183A3ACE-1992-4AA9-8E38-5AEFB90F6FD5}.Ad-Hoc|Any CPU.Build.0 = Release|Any CPU
		{183A3ACE-1992-4AA9-8E38-5AEFB90F6FD5}.Ad-Hoc|Any CPU.Deploy.0 = Release|Any CPU
		{183A3ACE-1992-4AA9-8E38-5AEFB90F6FD5}.Ad-Hoc|iPhone.ActiveCfg = Release|Any CPU
		{183A3ACE-1992-4AA9-8E38-5AEFB90F6FD5}.Ad-Hoc|iPhoneSimulator.ActiveCfg = Release|Any CPU
		{183A3ACE-1992-4AA9-8E38-5AEFB90F6FD5}.Ad-Hoc|Mixed Platforms.ActiveCfg = Release|Any CPU
		{183A3ACE-1992-4AA9-8E38-5AEFB90F6FD5}.Ad-Hoc|Mixed Platforms.Build.0 = Release|Any CPU
		{183A3ACE-1992-4AA9-8E38-5AEFB90F6FD5}.Ad-Hoc|Mixed Platforms.Deploy.0 = Release|Any CPU
		{183A3ACE-1992-4AA9-8E38-5AEFB90F6FD5}.AppStore|Any CPU.ActiveCfg = Release|Any CPU
		{183A3ACE-1992-4AA9-8E38-5AEFB90F6FD5}.AppStore|Any CPU.Build.0 = Release|Any CPU
		{183A3ACE-1992-4AA9-8E38-5AEFB90F6FD5}.AppStore|Any CPU.Deploy.0 = Release|Any CPU
		{183A3ACE-1992-4AA9-8E38-5AEFB90F6FD5}.AppStore|iPhone.ActiveCfg = Release|Any CPU
		{183A3ACE-1992-4AA9-8E38-5AEFB90F6FD5}.AppStore|iPhoneSimulator.ActiveCfg = Release|Any CPU
		{183A3ACE-1992-4AA9-8E38-5AEFB90F6FD5}.AppStore|Mixed Platforms.ActiveCfg = Release|Any CPU
		{183A3ACE-1992-4AA9-8E38-5AEFB90F6FD5}.AppStore|Mixed Platforms.Build.0 = Release|Any CPU
		{183A3ACE-1992-4AA9-8E38-5AEFB90F6FD5}.AppStore|Mixed Platforms.Deploy.0 = Release|Any CPU
		{183A3ACE-1992-4AA9-8E38-5AEFB90F6FD5}.Debug|Any CPU.ActiveCfg = Debug|Any CPU
		{183A3ACE-1992-4AA9-8E38-5AEFB90F6FD5}.Debug|Any CPU.Build.0 = Debug|Any CPU
		{183A3ACE-1992-4AA9-8E38-5AEFB90F6FD5}.Debug|Any CPU.Deploy.0 = Debug|Any CPU
		{183A3ACE-1992-4AA9-8E38-5AEFB90F6FD5}.Debug|iPhone.ActiveCfg = Debug|Any CPU
		{183A3ACE-1992-4AA9-8E38-5AEFB90F6FD5}.Debug|iPhoneSimulator.ActiveCfg = Debug|Any CPU
		{183A3ACE-1992-4AA9-8E38-5AEFB90F6FD5}.Debug|Mixed Platforms.ActiveCfg = Debug|Any CPU
		{183A3ACE-1992-4AA9-8E38-5AEFB90F6FD5}.Debug|Mixed Platforms.Build.0 = Debug|Any CPU
		{183A3ACE-1992-4AA9-8E38-5AEFB90F6FD5}.Debug|Mixed Platforms.Deploy.0 = Debug|Any CPU
		{183A3ACE-1992-4AA9-8E38-5AEFB90F6FD5}.Release|Any CPU.ActiveCfg = Release|Any CPU
		{183A3ACE-1992-4AA9-8E38-5AEFB90F6FD5}.Release|Any CPU.Build.0 = Release|Any CPU
		{183A3ACE-1992-4AA9-8E38-5AEFB90F6FD5}.Release|Any CPU.Deploy.0 = Release|Any CPU
		{183A3ACE-1992-4AA9-8E38-5AEFB90F6FD5}.Release|iPhone.ActiveCfg = Release|Any CPU
		{183A3ACE-1992-4AA9-8E38-5AEFB90F6FD5}.Release|iPhoneSimulator.ActiveCfg = Release|Any CPU
		{183A3ACE-1992-4AA9-8E38-5AEFB90F6FD5}.Release|Mixed Platforms.ActiveCfg = Release|Any CPU
		{183A3ACE-1992-4AA9-8E38-5AEFB90F6FD5}.Release|Mixed Platforms.Build.0 = Release|Any CPU
		{183A3ACE-1992-4AA9-8E38-5AEFB90F6FD5}.Release|Mixed Platforms.Deploy.0 = Release|Any CPU
		{A528EAA7-8A60-4CE8-8C28-45AE6494435C}.Ad-Hoc|Any CPU.ActiveCfg = Release|Any CPU
		{A528EAA7-8A60-4CE8-8C28-45AE6494435C}.Ad-Hoc|Any CPU.Build.0 = Release|Any CPU
		{A528EAA7-8A60-4CE8-8C28-45AE6494435C}.Ad-Hoc|iPhone.ActiveCfg = Release|Any CPU
		{A528EAA7-8A60-4CE8-8C28-45AE6494435C}.Ad-Hoc|iPhoneSimulator.ActiveCfg = Release|Any CPU
		{A528EAA7-8A60-4CE8-8C28-45AE6494435C}.Ad-Hoc|Mixed Platforms.ActiveCfg = Release|Any CPU
		{A528EAA7-8A60-4CE8-8C28-45AE6494435C}.Ad-Hoc|Mixed Platforms.Build.0 = Release|Any CPU
		{A528EAA7-8A60-4CE8-8C28-45AE6494435C}.AppStore|Any CPU.ActiveCfg = Release|Any CPU
		{A528EAA7-8A60-4CE8-8C28-45AE6494435C}.AppStore|Any CPU.Build.0 = Release|Any CPU
		{A528EAA7-8A60-4CE8-8C28-45AE6494435C}.AppStore|iPhone.ActiveCfg = Release|Any CPU
		{A528EAA7-8A60-4CE8-8C28-45AE6494435C}.AppStore|iPhoneSimulator.ActiveCfg = Release|Any CPU
		{A528EAA7-8A60-4CE8-8C28-45AE6494435C}.AppStore|Mixed Platforms.ActiveCfg = Release|Any CPU
		{A528EAA7-8A60-4CE8-8C28-45AE6494435C}.AppStore|Mixed Platforms.Build.0 = Release|Any CPU
		{A528EAA7-8A60-4CE8-8C28-45AE6494435C}.Debug|Any CPU.ActiveCfg = Debug|Any CPU
		{A528EAA7-8A60-4CE8-8C28-45AE6494435C}.Debug|Any CPU.Build.0 = Debug|Any CPU
		{A528EAA7-8A60-4CE8-8C28-45AE6494435C}.Debug|iPhone.ActiveCfg = Debug|Any CPU
		{A528EAA7-8A60-4CE8-8C28-45AE6494435C}.Debug|iPhoneSimulator.ActiveCfg = Debug|Any CPU
		{A528EAA7-8A60-4CE8-8C28-45AE6494435C}.Debug|Mixed Platforms.ActiveCfg = Debug|Any CPU
		{A528EAA7-8A60-4CE8-8C28-45AE6494435C}.Debug|Mixed Platforms.Build.0 = Debug|Any CPU
		{A528EAA7-8A60-4CE8-8C28-45AE6494435C}.Debug|Mixed Platforms.Deploy.0 = Debug|Any CPU
		{A528EAA7-8A60-4CE8-8C28-45AE6494435C}.Release|Any CPU.ActiveCfg = Release|Any CPU
		{A528EAA7-8A60-4CE8-8C28-45AE6494435C}.Release|Any CPU.Build.0 = Release|Any CPU
		{A528EAA7-8A60-4CE8-8C28-45AE6494435C}.Release|iPhone.ActiveCfg = Release|Any CPU
		{A528EAA7-8A60-4CE8-8C28-45AE6494435C}.Release|iPhoneSimulator.ActiveCfg = Release|Any CPU
		{A528EAA7-8A60-4CE8-8C28-45AE6494435C}.Release|Mixed Platforms.ActiveCfg = Release|Any CPU
		{A528EAA7-8A60-4CE8-8C28-45AE6494435C}.Release|Mixed Platforms.Build.0 = Release|Any CPU
		{D649C158-98F7-4C36-BBCF-A31B28825E8D}.Ad-Hoc|Any CPU.ActiveCfg = Ad-Hoc|iPhone
		{D649C158-98F7-4C36-BBCF-A31B28825E8D}.Ad-Hoc|iPhone.ActiveCfg = Ad-Hoc|iPhone
		{D649C158-98F7-4C36-BBCF-A31B28825E8D}.Ad-Hoc|iPhone.Build.0 = Ad-Hoc|iPhone
		{D649C158-98F7-4C36-BBCF-A31B28825E8D}.Ad-Hoc|iPhone.Deploy.0 = Ad-Hoc|iPhone
		{D649C158-98F7-4C36-BBCF-A31B28825E8D}.Ad-Hoc|iPhoneSimulator.ActiveCfg = Ad-Hoc|iPhoneSimulator
		{D649C158-98F7-4C36-BBCF-A31B28825E8D}.Ad-Hoc|iPhoneSimulator.Build.0 = Ad-Hoc|iPhoneSimulator
		{D649C158-98F7-4C36-BBCF-A31B28825E8D}.Ad-Hoc|iPhoneSimulator.Deploy.0 = Ad-Hoc|iPhoneSimulator
		{D649C158-98F7-4C36-BBCF-A31B28825E8D}.Ad-Hoc|Mixed Platforms.ActiveCfg = Ad-Hoc|iPhone
		{D649C158-98F7-4C36-BBCF-A31B28825E8D}.Ad-Hoc|Mixed Platforms.Build.0 = Ad-Hoc|iPhone
		{D649C158-98F7-4C36-BBCF-A31B28825E8D}.Ad-Hoc|Mixed Platforms.Deploy.0 = Ad-Hoc|iPhone
		{D649C158-98F7-4C36-BBCF-A31B28825E8D}.AppStore|Any CPU.ActiveCfg = AppStore|iPhone
		{D649C158-98F7-4C36-BBCF-A31B28825E8D}.AppStore|iPhone.ActiveCfg = AppStore|iPhone
		{D649C158-98F7-4C36-BBCF-A31B28825E8D}.AppStore|iPhone.Build.0 = AppStore|iPhone
		{D649C158-98F7-4C36-BBCF-A31B28825E8D}.AppStore|iPhone.Deploy.0 = AppStore|iPhone
		{D649C158-98F7-4C36-BBCF-A31B28825E8D}.AppStore|iPhoneSimulator.ActiveCfg = AppStore|iPhoneSimulator
		{D649C158-98F7-4C36-BBCF-A31B28825E8D}.AppStore|iPhoneSimulator.Build.0 = AppStore|iPhoneSimulator
		{D649C158-98F7-4C36-BBCF-A31B28825E8D}.AppStore|iPhoneSimulator.Deploy.0 = AppStore|iPhoneSimulator
		{D649C158-98F7-4C36-BBCF-A31B28825E8D}.AppStore|Mixed Platforms.ActiveCfg = AppStore|iPhone
		{D649C158-98F7-4C36-BBCF-A31B28825E8D}.AppStore|Mixed Platforms.Build.0 = AppStore|iPhone
		{D649C158-98F7-4C36-BBCF-A31B28825E8D}.AppStore|Mixed Platforms.Deploy.0 = AppStore|iPhone
		{D649C158-98F7-4C36-BBCF-A31B28825E8D}.Debug|Any CPU.ActiveCfg = Debug|iPhone
		{D649C158-98F7-4C36-BBCF-A31B28825E8D}.Debug|iPhone.ActiveCfg = Debug|iPhone
		{D649C158-98F7-4C36-BBCF-A31B28825E8D}.Debug|iPhone.Build.0 = Debug|iPhone
		{D649C158-98F7-4C36-BBCF-A31B28825E8D}.Debug|iPhone.Deploy.0 = Debug|iPhone
		{D649C158-98F7-4C36-BBCF-A31B28825E8D}.Debug|iPhoneSimulator.ActiveCfg = Debug|iPhoneSimulator
		{D649C158-98F7-4C36-BBCF-A31B28825E8D}.Debug|iPhoneSimulator.Build.0 = Debug|iPhoneSimulator
		{D649C158-98F7-4C36-BBCF-A31B28825E8D}.Debug|iPhoneSimulator.Deploy.0 = Debug|iPhoneSimulator
		{D649C158-98F7-4C36-BBCF-A31B28825E8D}.Debug|Mixed Platforms.ActiveCfg = Debug|iPhoneSimulator
		{D649C158-98F7-4C36-BBCF-A31B28825E8D}.Debug|Mixed Platforms.Build.0 = Debug|iPhoneSimulator
		{D649C158-98F7-4C36-BBCF-A31B28825E8D}.Debug|Mixed Platforms.Deploy.0 = Debug|iPhoneSimulator
		{D649C158-98F7-4C36-BBCF-A31B28825E8D}.Release|Any CPU.ActiveCfg = Release|iPhone
		{D649C158-98F7-4C36-BBCF-A31B28825E8D}.Release|iPhone.ActiveCfg = Release|iPhone
		{D649C158-98F7-4C36-BBCF-A31B28825E8D}.Release|iPhone.Build.0 = Release|iPhone
		{D649C158-98F7-4C36-BBCF-A31B28825E8D}.Release|iPhone.Deploy.0 = Release|iPhone
		{D649C158-98F7-4C36-BBCF-A31B28825E8D}.Release|iPhoneSimulator.ActiveCfg = Release|iPhoneSimulator
		{D649C158-98F7-4C36-BBCF-A31B28825E8D}.Release|iPhoneSimulator.Build.0 = Release|iPhoneSimulator
		{D649C158-98F7-4C36-BBCF-A31B28825E8D}.Release|iPhoneSimulator.Deploy.0 = Release|iPhoneSimulator
		{D649C158-98F7-4C36-BBCF-A31B28825E8D}.Release|Mixed Platforms.ActiveCfg = Release|iPhone
		{D649C158-98F7-4C36-BBCF-A31B28825E8D}.Release|Mixed Platforms.Build.0 = Release|iPhone
		{D649C158-98F7-4C36-BBCF-A31B28825E8D}.Release|Mixed Platforms.Deploy.0 = Release|iPhone
		{22442B97-E2AB-48AD-A2B5-965B4737A3D4}.Ad-Hoc|Any CPU.ActiveCfg = Release|Any CPU
		{22442B97-E2AB-48AD-A2B5-965B4737A3D4}.Ad-Hoc|Any CPU.Build.0 = Release|Any CPU
		{22442B97-E2AB-48AD-A2B5-965B4737A3D4}.Ad-Hoc|Any CPU.Deploy.0 = Release|Any CPU
		{22442B97-E2AB-48AD-A2B5-965B4737A3D4}.Ad-Hoc|iPhone.ActiveCfg = Release|Any CPU
		{22442B97-E2AB-48AD-A2B5-965B4737A3D4}.Ad-Hoc|iPhoneSimulator.ActiveCfg = Release|Any CPU
		{22442B97-E2AB-48AD-A2B5-965B4737A3D4}.Ad-Hoc|Mixed Platforms.ActiveCfg = Release|Any CPU
		{22442B97-E2AB-48AD-A2B5-965B4737A3D4}.Ad-Hoc|Mixed Platforms.Build.0 = Release|Any CPU
		{22442B97-E2AB-48AD-A2B5-965B4737A3D4}.Ad-Hoc|Mixed Platforms.Deploy.0 = Release|Any CPU
		{22442B97-E2AB-48AD-A2B5-965B4737A3D4}.AppStore|Any CPU.ActiveCfg = Release|Any CPU
		{22442B97-E2AB-48AD-A2B5-965B4737A3D4}.AppStore|Any CPU.Build.0 = Release|Any CPU
		{22442B97-E2AB-48AD-A2B5-965B4737A3D4}.AppStore|Any CPU.Deploy.0 = Release|Any CPU
		{22442B97-E2AB-48AD-A2B5-965B4737A3D4}.AppStore|iPhone.ActiveCfg = Release|Any CPU
		{22442B97-E2AB-48AD-A2B5-965B4737A3D4}.AppStore|iPhoneSimulator.ActiveCfg = Release|Any CPU
		{22442B97-E2AB-48AD-A2B5-965B4737A3D4}.AppStore|Mixed Platforms.ActiveCfg = Release|Any CPU
		{22442B97-E2AB-48AD-A2B5-965B4737A3D4}.AppStore|Mixed Platforms.Build.0 = Release|Any CPU
		{22442B97-E2AB-48AD-A2B5-965B4737A3D4}.AppStore|Mixed Platforms.Deploy.0 = Release|Any CPU
		{22442B97-E2AB-48AD-A2B5-965B4737A3D4}.Debug|Any CPU.ActiveCfg = Debug|Any CPU
		{22442B97-E2AB-48AD-A2B5-965B4737A3D4}.Debug|Any CPU.Build.0 = Debug|Any CPU
		{22442B97-E2AB-48AD-A2B5-965B4737A3D4}.Debug|Any CPU.Deploy.0 = Debug|Any CPU
		{22442B97-E2AB-48AD-A2B5-965B4737A3D4}.Debug|iPhone.ActiveCfg = Debug|Any CPU
		{22442B97-E2AB-48AD-A2B5-965B4737A3D4}.Debug|iPhoneSimulator.ActiveCfg = Debug|Any CPU
		{22442B97-E2AB-48AD-A2B5-965B4737A3D4}.Debug|Mixed Platforms.ActiveCfg = Debug|Any CPU
		{22442B97-E2AB-48AD-A2B5-965B4737A3D4}.Debug|Mixed Platforms.Build.0 = Debug|Any CPU
		{22442B97-E2AB-48AD-A2B5-965B4737A3D4}.Debug|Mixed Platforms.Deploy.0 = Debug|Any CPU
		{22442B97-E2AB-48AD-A2B5-965B4737A3D4}.Release|Any CPU.ActiveCfg = Release|Any CPU
		{22442B97-E2AB-48AD-A2B5-965B4737A3D4}.Release|Any CPU.Build.0 = Release|Any CPU
		{22442B97-E2AB-48AD-A2B5-965B4737A3D4}.Release|Any CPU.Deploy.0 = Release|Any CPU
		{22442B97-E2AB-48AD-A2B5-965B4737A3D4}.Release|iPhone.ActiveCfg = Release|Any CPU
		{22442B97-E2AB-48AD-A2B5-965B4737A3D4}.Release|iPhoneSimulator.ActiveCfg = Release|Any CPU
		{22442B97-E2AB-48AD-A2B5-965B4737A3D4}.Release|Mixed Platforms.ActiveCfg = Release|Any CPU
		{22442B97-E2AB-48AD-A2B5-965B4737A3D4}.Release|Mixed Platforms.Build.0 = Release|Any CPU
		{22442B97-E2AB-48AD-A2B5-965B4737A3D4}.Release|Mixed Platforms.Deploy.0 = Release|Any CPU
		{27FB8403-FCE5-49DE-B25A-5E0EAF2D5772}.Ad-Hoc|Any CPU.ActiveCfg = Release|Any CPU
		{27FB8403-FCE5-49DE-B25A-5E0EAF2D5772}.Ad-Hoc|Any CPU.Build.0 = Release|Any CPU
		{27FB8403-FCE5-49DE-B25A-5E0EAF2D5772}.Ad-Hoc|Any CPU.Deploy.0 = Release|Any CPU
		{27FB8403-FCE5-49DE-B25A-5E0EAF2D5772}.Ad-Hoc|iPhone.ActiveCfg = Release|Any CPU
		{27FB8403-FCE5-49DE-B25A-5E0EAF2D5772}.Ad-Hoc|iPhoneSimulator.ActiveCfg = Release|Any CPU
		{27FB8403-FCE5-49DE-B25A-5E0EAF2D5772}.Ad-Hoc|Mixed Platforms.ActiveCfg = Release|Any CPU
		{27FB8403-FCE5-49DE-B25A-5E0EAF2D5772}.Ad-Hoc|Mixed Platforms.Build.0 = Release|Any CPU
		{27FB8403-FCE5-49DE-B25A-5E0EAF2D5772}.Ad-Hoc|Mixed Platforms.Deploy.0 = Release|Any CPU
		{27FB8403-FCE5-49DE-B25A-5E0EAF2D5772}.AppStore|Any CPU.ActiveCfg = Release|Any CPU
		{27FB8403-FCE5-49DE-B25A-5E0EAF2D5772}.AppStore|Any CPU.Build.0 = Release|Any CPU
		{27FB8403-FCE5-49DE-B25A-5E0EAF2D5772}.AppStore|Any CPU.Deploy.0 = Release|Any CPU
		{27FB8403-FCE5-49DE-B25A-5E0EAF2D5772}.AppStore|iPhone.ActiveCfg = Release|Any CPU
		{27FB8403-FCE5-49DE-B25A-5E0EAF2D5772}.AppStore|iPhoneSimulator.ActiveCfg = Release|Any CPU
		{27FB8403-FCE5-49DE-B25A-5E0EAF2D5772}.AppStore|Mixed Platforms.ActiveCfg = Release|Any CPU
		{27FB8403-FCE5-49DE-B25A-5E0EAF2D5772}.AppStore|Mixed Platforms.Build.0 = Release|Any CPU
		{27FB8403-FCE5-49DE-B25A-5E0EAF2D5772}.AppStore|Mixed Platforms.Deploy.0 = Release|Any CPU
		{27FB8403-FCE5-49DE-B25A-5E0EAF2D5772}.Debug|Any CPU.ActiveCfg = Debug|Any CPU
		{27FB8403-FCE5-49DE-B25A-5E0EAF2D5772}.Debug|Any CPU.Build.0 = Debug|Any CPU
		{27FB8403-FCE5-49DE-B25A-5E0EAF2D5772}.Debug|Any CPU.Deploy.0 = Debug|Any CPU
		{27FB8403-FCE5-49DE-B25A-5E0EAF2D5772}.Debug|iPhone.ActiveCfg = Debug|Any CPU
		{27FB8403-FCE5-49DE-B25A-5E0EAF2D5772}.Debug|iPhoneSimulator.ActiveCfg = Debug|Any CPU
		{27FB8403-FCE5-49DE-B25A-5E0EAF2D5772}.Debug|Mixed Platforms.ActiveCfg = Debug|Any CPU
		{27FB8403-FCE5-49DE-B25A-5E0EAF2D5772}.Debug|Mixed Platforms.Build.0 = Debug|Any CPU
		{27FB8403-FCE5-49DE-B25A-5E0EAF2D5772}.Debug|Mixed Platforms.Deploy.0 = Debug|Any CPU
		{27FB8403-FCE5-49DE-B25A-5E0EAF2D5772}.Release|Any CPU.ActiveCfg = Release|Any CPU
		{27FB8403-FCE5-49DE-B25A-5E0EAF2D5772}.Release|Any CPU.Build.0 = Release|Any CPU
		{27FB8403-FCE5-49DE-B25A-5E0EAF2D5772}.Release|Any CPU.Deploy.0 = Release|Any CPU
		{27FB8403-FCE5-49DE-B25A-5E0EAF2D5772}.Release|iPhone.ActiveCfg = Release|Any CPU
		{27FB8403-FCE5-49DE-B25A-5E0EAF2D5772}.Release|iPhoneSimulator.ActiveCfg = Release|Any CPU
		{27FB8403-FCE5-49DE-B25A-5E0EAF2D5772}.Release|Mixed Platforms.ActiveCfg = Release|Any CPU
		{27FB8403-FCE5-49DE-B25A-5E0EAF2D5772}.Release|Mixed Platforms.Build.0 = Release|Any CPU
		{27FB8403-FCE5-49DE-B25A-5E0EAF2D5772}.Release|Mixed Platforms.Deploy.0 = Release|Any CPU
		{45C940BB-261A-4C8D-A713-E46B669893CA}.Ad-Hoc|Any CPU.ActiveCfg = Release|Any CPU
		{45C940BB-261A-4C8D-A713-E46B669893CA}.Ad-Hoc|Any CPU.Build.0 = Release|Any CPU
		{45C940BB-261A-4C8D-A713-E46B669893CA}.Ad-Hoc|iPhone.ActiveCfg = Release|Any CPU
		{45C940BB-261A-4C8D-A713-E46B669893CA}.Ad-Hoc|iPhoneSimulator.ActiveCfg = Release|Any CPU
		{45C940BB-261A-4C8D-A713-E46B669893CA}.Ad-Hoc|Mixed Platforms.ActiveCfg = Release|Any CPU
		{45C940BB-261A-4C8D-A713-E46B669893CA}.Ad-Hoc|Mixed Platforms.Build.0 = Release|Any CPU
		{45C940BB-261A-4C8D-A713-E46B669893CA}.AppStore|Any CPU.ActiveCfg = Release|Any CPU
		{45C940BB-261A-4C8D-A713-E46B669893CA}.AppStore|Any CPU.Build.0 = Release|Any CPU
		{45C940BB-261A-4C8D-A713-E46B669893CA}.AppStore|iPhone.ActiveCfg = Release|Any CPU
		{45C940BB-261A-4C8D-A713-E46B669893CA}.AppStore|iPhoneSimulator.ActiveCfg = Release|Any CPU
		{45C940BB-261A-4C8D-A713-E46B669893CA}.AppStore|Mixed Platforms.ActiveCfg = Release|Any CPU
		{45C940BB-261A-4C8D-A713-E46B669893CA}.AppStore|Mixed Platforms.Build.0 = Release|Any CPU
		{45C940BB-261A-4C8D-A713-E46B669893CA}.Debug|Any CPU.ActiveCfg = Debug|Any CPU
		{45C940BB-261A-4C8D-A713-E46B669893CA}.Debug|Any CPU.Build.0 = Debug|Any CPU
		{45C940BB-261A-4C8D-A713-E46B669893CA}.Debug|iPhone.ActiveCfg = Debug|Any CPU
		{45C940BB-261A-4C8D-A713-E46B669893CA}.Debug|iPhoneSimulator.ActiveCfg = Debug|Any CPU
		{45C940BB-261A-4C8D-A713-E46B669893CA}.Debug|Mixed Platforms.ActiveCfg = Debug|Any CPU
		{45C940BB-261A-4C8D-A713-E46B669893CA}.Debug|Mixed Platforms.Build.0 = Debug|Any CPU
		{45C940BB-261A-4C8D-A713-E46B669893CA}.Release|Any CPU.ActiveCfg = Release|Any CPU
		{45C940BB-261A-4C8D-A713-E46B669893CA}.Release|Any CPU.Build.0 = Release|Any CPU
		{45C940BB-261A-4C8D-A713-E46B669893CA}.Release|iPhone.ActiveCfg = Release|Any CPU
		{45C940BB-261A-4C8D-A713-E46B669893CA}.Release|iPhoneSimulator.ActiveCfg = Release|Any CPU
		{45C940BB-261A-4C8D-A713-E46B669893CA}.Release|Mixed Platforms.ActiveCfg = Release|Any CPU
		{45C940BB-261A-4C8D-A713-E46B669893CA}.Release|Mixed Platforms.Build.0 = Release|Any CPU
	EndGlobalSection
	GlobalSection(SolutionProperties) = preSolution
		HideSolutionNode = FALSE
	EndGlobalSection
	GlobalSection(NestedProjects) = preSolution
		{47F98212-60E9-47FB-BF2F-9ED290CC5B74} = {0723F413-24D7-4238-A6FA-FE03DFE5045E}
		{142E1421-2558-44B5-8436-1E8C8C83FDF8} = {0723F413-24D7-4238-A6FA-FE03DFE5045E}
		{E80B1DA8-45CB-4725-867E-F5371BFCB63E} = {0723F413-24D7-4238-A6FA-FE03DFE5045E}
		{C31975E5-2B05-436D-99D6-7463337B2AAB} = {47F98212-60E9-47FB-BF2F-9ED290CC5B74}
		{5EF21572-4CF3-4013-918E-E33538A5D064} = {47F98212-60E9-47FB-BF2F-9ED290CC5B74}
		{657BB7DA-A5C6-4BD9-A3E3-8F8C84576BB3} = {47F98212-60E9-47FB-BF2F-9ED290CC5B74}
		{A400BE6E-BA01-4417-938B-D364C9B51CC7} = {142E1421-2558-44B5-8436-1E8C8C83FDF8}
		{183A3ACE-1992-4AA9-8E38-5AEFB90F6FD5} = {142E1421-2558-44B5-8436-1E8C8C83FDF8}
		{5C22B7AE-9FAD-40CD-8D59-56FC6094C19D} = {142E1421-2558-44B5-8436-1E8C8C83FDF8}
		{D649C158-98F7-4C36-BBCF-A31B28825E8D} = {E80B1DA8-45CB-4725-867E-F5371BFCB63E}
		{22442B97-E2AB-48AD-A2B5-965B4737A3D4} = {E80B1DA8-45CB-4725-867E-F5371BFCB63E}
		{A528EAA7-8A60-4CE8-8C28-45AE6494435C} = {E80B1DA8-45CB-4725-867E-F5371BFCB63E}
		{27FB8403-FCE5-49DE-B25A-5E0EAF2D5772} = {9602C09E-7A1B-4079-92B6-070419A1FD10}
		{45C940BB-261A-4C8D-A713-E46B669893CA} = {9602C09E-7A1B-4079-92B6-070419A1FD10}
	EndGlobalSection
EndGlobal
